{
  "version": 4,
  "terraform_version": "1.12.0",
  "serial": 402,
  "lineage": "d918d370-bb10-0cae-999b-70078f06cd50",
  "outputs": {
    "public_subnets": {
      "value": [
        "subnet-08cbd85149b242be3"
      ],
      "type": [
        "tuple",
        [
          "string"
        ]
      ]
    },
    "vpc_id": {
      "value": "vpc-042eeae9fe7a6b0d2",
      "type": "string"
    }
  },
  "resources": [
    {
      "mode": "managed",
      "type": "aws_ecr_repository",
      "name": "frontend_admin",
      "provider": "provider[\"registry.terraform.io/hashicorp/aws\"]",
      "instances": [
        {
          "schema_version": 0,
          "attributes": {
            "arn": "arn:aws:ecr:us-east-1:903479130308:repository/frontend-admin",
            "encryption_configuration": [
              {
                "encryption_type": "AES256",
                "kms_key": ""
              }
            ],
            "force_delete": null,
            "id": "frontend-admin",
            "image_scanning_configuration": [
              {
                "scan_on_push": true
              }
            ],
            "image_tag_mutability": "MUTABLE",
            "name": "frontend-admin",
            "registry_id": "903479130308",
            "repository_url": "903479130308.dkr.ecr.us-east-1.amazonaws.com/frontend-admin",
            "tags": {
              "Environment": "dev",
              "Project": "STUDI-ECF",
              "Terraform": "true"
            },
            "tags_all": {
              "Environment": "dev",
              "Project": "STUDI-ECF",
              "Terraform": "true"
            },
            "timeouts": null
          },
          "sensitive_attributes": [],
          "identity_schema_version": 0,
          "private": "eyJlMmJmYjczMC1lY2FhLTExZTYtOGY4OC0zNDM2M2JjN2M0YzAiOnsiZGVsZXRlIjoxMjAwMDAwMDAwMDAwfX0="
        }
      ]
    },
    {
      "mode": "managed",
      "type": "aws_ecr_repository",
      "name": "frontend_public",
      "provider": "provider[\"registry.terraform.io/hashicorp/aws\"]",
      "instances": [
        {
          "schema_version": 0,
          "attributes": {
            "arn": "arn:aws:ecr:us-east-1:903479130308:repository/frontend-public",
            "encryption_configuration": [
              {
                "encryption_type": "AES256",
                "kms_key": ""
              }
            ],
            "force_delete": null,
            "id": "frontend-public",
            "image_scanning_configuration": [
              {
                "scan_on_push": true
              }
            ],
            "image_tag_mutability": "MUTABLE",
            "name": "frontend-public",
            "registry_id": "903479130308",
            "repository_url": "903479130308.dkr.ecr.us-east-1.amazonaws.com/frontend-public",
            "tags": {
              "Environment": "dev",
              "Project": "STUDI-ECF",
              "Terraform": "true"
            },
            "tags_all": {
              "Environment": "dev",
              "Project": "STUDI-ECF",
              "Terraform": "true"
            },
            "timeouts": null
          },
          "sensitive_attributes": [],
          "identity_schema_version": 0,
          "private": "eyJlMmJmYjczMC1lY2FhLTExZTYtOGY4OC0zNDM2M2JjN2M0YzAiOnsiZGVsZXRlIjoxMjAwMDAwMDAwMDAwfX0="
        }
      ]
    },
    {
      "module": "module.vpc",
      "mode": "managed",
      "type": "aws_internet_gateway",
      "name": "this",
      "provider": "provider[\"registry.terraform.io/hashicorp/aws\"]",
      "instances": [
        {
          "index_key": 0,
          "schema_version": 0,
          "attributes": {
            "arn": "arn:aws:ec2:us-east-1:903479130308:internet-gateway/igw-0d9bbe4fb268b185a",
            "id": "igw-0d9bbe4fb268b185a",
            "owner_id": "903479130308",
            "tags": {
              "Environment": "dev",
              "Name": "infoline-vpc",
              "Project": "STUDI-ECF",
              "Terraform": "true"
            },
            "tags_all": {
              "Environment": "dev",
              "Name": "infoline-vpc",
              "Project": "STUDI-ECF",
              "Terraform": "true"
            },
            "timeouts": null,
            "vpc_id": "vpc-042eeae9fe7a6b0d2"
          },
          "sensitive_attributes": [],
          "identity_schema_version": 0,
          "private": "eyJlMmJmYjczMC1lY2FhLTExZTYtOGY4OC0zNDM2M2JjN2M0YzAiOnsiY3JlYXRlIjoxMjAwMDAwMDAwMDAwLCJkZWxldGUiOjEyMDAwMDAwMDAwMDAsInVwZGF0ZSI6MTIwMDAwMDAwMDAwMH19",
          "dependencies": [
            "module.vpc.aws_vpc.this",
            "module.vpc.aws_vpc_ipv4_cidr_block_association.this"
          ]
        }
      ]
    }
  ],
  "check_results": [
    {
      "object_kind": "var",
      "config_addr": "module.eks.module.self_managed_node_group.var.platform",
      "status": "unknown",
      "objects": null
    },
    {
      "object_kind": "resource",
      "config_addr": "module.eks.module.self_managed_node_group.module.user_data.null_resource.validate_cluster_service_cidr",
      "status": "unknown",
      "objects": null
    },
    {
      "object_kind": "resource",
      "config_addr": "module.eks.module.eks_managed_node_group.module.user_data.null_resource.validate_cluster_service_cidr",
      "status": "unknown",
      "objects": null
    }
  ]
}
